
Microsoft Visual Studio Solution File, Format Version 12.00
# Visual Studio 15
VisualStudioVersion = 15.0.28307.106
MinimumVisualStudioVersion = 10.0.40219.1
Project("{FAE04EC0-301F-11D3-BF4B-00C04F79EFBC}") = "PostApp", "PostApp\PostApp.csproj", "{F03F758F-FB43-40AA-B097-B5CCFED5C437}"
EndProject
Global
	GlobalSection(SolutionConfigurationPlatforms) = preSolution
		Debug|Any CPU = Debug|Any CPU
		Release|Any CPU = Release|Any CPU
	EndGlobalSection
	GlobalSection(ProjectConfigurationPlatforms) = postSolution
		{F03F758F-FB43-40AA-B097-B5CCFED5C437}.Debug|Any CPU.ActiveCfg = Debug|Any CPU
		{F03F758F-FB43-40AA-B097-B5CCFED5C437}.Debug|Any CPU.Build.0 = Debug|Any CPU
		{F03F758F-FB43-40AA-B097-B5CCFED5C437}.Release|Any CPU.ActiveCfg = Release|Any CPU
		{F03F758F-FB43-40AA-B097-B5CCFED5C437}.Release|Any CPU.Build.0 = Release|Any CPU
	EndGlobalSection
	GlobalSection(SolutionProperties) = preSolution
		HideSolutionNode = FALSE
	EndGlobalSection
	GlobalSection(ExtensibilityGlobals) = postSolution
		SolutionGuid = {8E0025AF-AFCE-49D7-8CAF-EFC9418D4CFD}
	EndGlobalSection
EndGlobal
